
Microsoft Visual Studio Solution File, Format Version 12.00
# Visual Studio Version 17
VisualStudioVersion = 17.3.32825.248
MinimumVisualStudioVersion = 10.0.40219.1
Project("{8BC9CEB8-8B4A-11D0-8D11-00A0C91BC942}") = "Rozel2", "Rozel2\Rozel2.vcxproj", "{D962A361-51C5-4D7A-BA18-B2AD8C203629}"
EndProject
Global
	GlobalSection(SolutionConfigurationPlatforms) = preSolution
		Debug|x64 = Debug|x64
		Debug|x86 = Debug|x86
		Release|x64 = Release|x64
		Release|x86 = Release|x86
	EndGlobalSection
	GlobalSection(ProjectConfigurationPlatforms) = postSolution
		{D962A361-51C5-4D7A-BA18-B2AD8C203629}.Debug|x64.ActiveCfg = Debug|x64
		{D962A361-51C5-4D7A-BA18-B2AD8C203629}.Debug|x64.Build.0 = Debug|x64
		{D962A361-51C5-4D7A-BA18-B2AD8C203629}.Debug|x86.ActiveCfg = Debug|Win32
		{D962A361-51C5-4D7A-BA18-B2AD8C203629}.Debug|x86.Build.0 = Debug|Win32
		{D962A361-51C5-4D7A-BA18-B2AD8C203629}.Release|x64.ActiveCfg = Release|x64
		{D962A361-51C5-4D7A-BA18-B2AD8C203629}.Release|x64.Build.0 = Release|x64
		{D962A361-51C5-4D7A-BA18-B2AD8C203629}.Release|x86.ActiveCfg = Release|Win32
		{D962A361-51C5-4D7A-BA18-B2AD8C203629}.Release|x86.Build.0 = Release|Win32
	EndGlobalSection
	GlobalSection(SolutionProperties) = preSolution
		HideSolutionNode = FALSE
	EndGlobalSection
	GlobalSection(ExtensibilityGlobals) = postSolution
		SolutionGuid = {5F1BD380-BD57-4DA5-B354-CB57B9175ED8}
	EndGlobalSection
EndGlobal
